
Microsoft Visual Studio Solution File, Format Version 12.00
# Visual Studio Version 17
VisualStudioVersion = 17.7.34221.43
MinimumVisualStudioVersion = 10.0.40219.1
Project("{9A19103F-16F7-4668-BE54-9A1E7A4F7556}") = "Capstone", "Capstone.csproj", "{EE42E568-57F2-420C-BFB7-D4E0B72EC9B1}"
EndProject
Global
	GlobalSection(SolutionConfigurationPlatforms) = preSolution
		Debug|Any CPU = Debug|Any CPU
		Release|Any CPU = Release|Any CPU
	EndGlobalSection
	GlobalSection(ProjectConfigurationPlatforms) = postSolution
		{EE42E568-57F2-420C-BFB7-D4E0B72EC9B1}.Debug|Any CPU.ActiveCfg = Debug|Any CPU
		{EE42E568-57F2-420C-BFB7-D4E0B72EC9B1}.Debug|Any CPU.Build.0 = Debug|Any CPU
		{EE42E568-57F2-420C-BFB7-D4E0B72EC9B1}.Debug|Any CPU.Deploy.0 = Debug|Any CPU
		{EE42E568-57F2-420C-BFB7-D4E0B72EC9B1}.Release|Any CPU.ActiveCfg = Release|Any CPU
		{EE42E568-57F2-420C-BFB7-D4E0B72EC9B1}.Release|Any CPU.Build.0 = Release|Any CPU
		{EE42E568-57F2-420C-BFB7-D4E0B72EC9B1}.Release|Any CPU.Deploy.0 = Release|Any CPU
	EndGlobalSection
	GlobalSection(SolutionProperties) = preSolution
		HideSolutionNode = FALSE
	EndGlobalSection
	GlobalSection(ExtensibilityGlobals) = postSolution
		SolutionGuid = {FE0E34DB-AD42-4105-9961-B684A1135AEE}
	EndGlobalSection
EndGlobal
